{
  "nodes": {
    "autonumlock": {
      "inputs": {
        "nixpkgs": [
          "nixpkgs"
        ]
      },
      "locked": {
        "lastModified": 1787474011,
        "narHash": "sha256-KpLzQMj+TDlzlfRxvVK6U3nWqgVOwPQhB/E0Zw7hLpk=",
        "owner": "wsinned",
        "repo": "autonumlock",
        "rev": "ced10c1759aba2736943f5aad88611d6cd2629e8",
        "type": "github"
      },
      "original": {
        "owner": "wsinned",
        "repo": "autonumlock",
        "type": "github"
      }
    },
    "home-manager": {
      "inputs": {
        "nixpkgs": [
          "nixpkgs"
        ]
      },
      "locked": {
        "lastModified": 1787377438,
        "narHash": "sha256-Sxu1NLTD/Ern6hFGLlZmtKCSct3YQXZI/lls8RE1XeM=",
        "owner": "nix-community",
        "repo": "home-manager",
        "rev": "65258d5c65a250189fde2e35f490d15e064c4c62",
        "type": "github"
      },
      "original": {
        "owner": "nix-community",
        "ref": "release-26.05",
        "repo": "home-manager",
        "type": "github"
      }
    },
    "nixpkgs": {
      "locked": {
        "lastModified": 1787204541,
        "narHash": "sha256-OURZPknrTjQrlNyxPdqzyqmU/81Wes1CUP/Ft1Rv/YI=",
        "owner": "NixOS",
        "repo": "nixpkgs",
        "rev": "5880666fd9eb563038431edb35c2d0aa595884e6",
        "type": "github"
      },
      "original": {
        "owner": "NixOS",
        "ref": "nixos-26.05",
        "repo": "nixpkgs",
        "type": "github"
      }
    },
    "root": {
      "inputs": {
        "autonumlock": "autonumlock",
        "home-manager": "home-manager",
        "nixpkgs": "nixpkgs",
        "take-note": "take-note"
      }
    },
    "take-note": {
      "inputs": {
        "nixpkgs": [
          "nixpkgs"
        ]
      },
      "locked": {
        "lastModified": 1787242593,
        "narHash": "sha256-crQqoDefQ5guFWHgCBsqpOOTcqAvynFN9B0OTbpZxio=",
        "owner": "wsinned",
        "repo": "take-note-rs",
        "rev": "2a583e28edf4178104b6cb46679a1d4cf1b36683",
        "type": "github"
      },
      "original": {
        "owner": "wsinned",
        "repo": "take-note-rs",
        "type": "github"
      }
    }
  },
  "root": "root",
  "version": 7
}
