{
  "nodes": {
    "autonumlock": {
      "inputs": {
        "nixpkgs": [
          "nixpkgs"
        ]
      },
      "locked": {
        "lastModified": 1787474011,
        "narHash": "sha256-KpLzQMj+TDlzlfRxvVK6U3nWqgVOwPQhB/E0Zw7hLpk=",
        "owner": "wsinned",
        "repo": "autonumlock",
        "rev": "ced10c1759aba2736943f5aad88611d6cd2629e8",
        "type": "github"
      },
      "original": {
        "owner": "wsinned",
        "repo": "autonumlock",
        "type": "github"
      }
    },
    "codex-desktop-linux": {
      "inputs": {
        "flake-utils": "flake-utils",
        "nixpkgs": "nixpkgs"
      },
      "locked": {
        "lastModified": 1789742073,
        "narHash": "sha256-JE2UmfNksMXw6dxcCaRvSMn9rj+0ZEQdclcujQmFZ1o=",
        "owner": "ilysenko",
        "repo": "codex-desktop-linux",
        "rev": "1ef0ece683afb19f8624138599308a1ca1571fa5",
        "type": "github"
      },
      "original": {
        "owner": "ilysenko",
        "repo": "codex-desktop-linux",
        "type": "github"
      }
    },
    "flake-utils": {
      "inputs": {
        "systems": "systems"
      },
      "locked": {
        "lastModified": 1731533236,
        "narHash": "sha256-l0KFg5HjrsfsO/JpG+r7fRrqm12kzFHyUHqHCVpMMbI=",
        "owner": "numtide",
        "repo": "flake-utils",
        "rev": "11707dc2f618dd54ca8739b309ec4fc024de578b",
        "type": "github"
      },
      "original": {
        "owner": "numtide",
        "repo": "flake-utils",
        "type": "github"
      }
    },
    "home-manager": {
      "inputs": {
        "nixpkgs": [
          "nixpkgs"
        ]
      },
      "locked": {
        "lastModified": 1788642154,
        "narHash": "sha256-sPpQFVaFTDqO/4vvCAhuAhqTgqN/ygu+9eJcs5eB0js=",
        "owner": "nix-community",
        "repo": "home-manager",
        "rev": "fd0956c99c41ae3c13a73a638f1f7e963aebc4ab",
        "type": "github"
      },
      "original": {
        "owner": "nix-community",
        "ref": "release-26.05",
        "repo": "home-manager",
        "type": "github"
      }
    },
    "nixpkgs": {
      "locked": {
        "lastModified": 1772773019,
        "narHash": "sha256-E1bxHxNKfDoQUuvriG71+f+s/NT0qWkImXsYZNFFfCs=",
        "owner": "NixOS",
        "repo": "nixpkgs",
        "rev": "aca4d95fce4914b3892661bcb80b8087293536c6",
        "type": "github"
      },
      "original": {
        "owner": "NixOS",
        "ref": "nixos-unstable",
        "repo": "nixpkgs",
        "type": "github"
      }
    },
    "nixpkgs_2": {
      "locked": {
        "lastModified": 1788690626,
        "narHash": "sha256-+v4I4LawmRD/mVxO7QIAerRrCkElp3YImzWkkUnvOTg=",
        "owner": "NixOS",
        "repo": "nixpkgs",
        "rev": "c25784012c9982bca5b3e0de87e90bbdac8927d3",
        "type": "github"
      },
      "original": {
        "owner": "NixOS",
        "ref": "nixos-26.05",
        "repo": "nixpkgs",
        "type": "github"
      }
    },
    "root": {
      "inputs": {
        "autonumlock": "autonumlock",
        "codex-desktop-linux": "codex-desktop-linux",
        "home-manager": "home-manager",
        "nixpkgs": "nixpkgs_2",
        "take-note": "take-note"
      }
    },
    "systems": {
      "locked": {
        "lastModified": 1681028828,
        "narHash": "sha256-Vy1rq5AaRuLzOxct8nz4T6wlgyUR7zLU309k9mBC768=",
        "owner": "nix-systems",
        "repo": "default",
        "rev": "da67096a3b9bf56a91d16901293e51ba5b49a27e",
        "type": "github"
      },
      "original": {
        "owner": "nix-systems",
        "repo": "default",
        "type": "github"
      }
    },
    "take-note": {
      "inputs": {
        "nixpkgs": [
          "nixpkgs"
        ]
      },
      "locked": {
        "lastModified": 1787242593,
        "narHash": "sha256-crQqoDefQ5guFWHgCBsqpOOTcqAvynFN9B0OTbpZxio=",
        "owner": "wsinned",
        "repo": "take-note-rs",
        "rev": "2a583e28edf4178104b6cb46679a1d4cf1b36683",
        "type": "github"
      },
      "original": {
        "owner": "wsinned",
        "repo": "take-note-rs",
        "type": "github"
      }
    }
  },
  "root": "root",
  "version": 7
}
