{
  "nodes": {
    "autonumlock": {
      "inputs": {
        "nixpkgs": [
          "nixpkgs"
        ]
      },
      "locked": {
        "lastModified": 1787474011,
        "narHash": "sha256-KpLzQMj+TDlzlfRxvVK6U3nWqgVOwPQhB/E0Zw7hLpk=",
        "owner": "wsinned",
        "repo": "autonumlock",
        "rev": "ced10c1759aba2736943f5aad88611d6cd2629e8",
        "type": "github"
      },
      "original": {
        "owner": "wsinned",
        "repo": "autonumlock",
        "type": "github"
      }
    },
    "home-manager": {
      "inputs": {
        "nixpkgs": [
          "nixpkgs"
        ]
      },
      "locked": {
        "lastModified": 1788642154,
        "narHash": "sha256-sPpQFVaFTDqO/4vvCAhuAhqTgqN/ygu+9eJcs5eB0js=",
        "owner": "nix-community",
        "repo": "home-manager",
        "rev": "fd0956c99c41ae3c13a73a638f1f7e963aebc4ab",
        "type": "github"
      },
      "original": {
        "owner": "nix-community",
        "ref": "release-26.05",
        "repo": "home-manager",
        "type": "github"
      }
    },
    "nixpkgs": {
      "locked": {
        "lastModified": 1788690626,
        "narHash": "sha256-+v4I4LawmRD/mVxO7QIAerRrCkElp3YImzWkkUnvOTg=",
        "owner": "NixOS",
        "repo": "nixpkgs",
        "rev": "c25784012c9982bca5b3e0de87e90bbdac8927d3",
        "type": "github"
      },
      "original": {
        "owner": "NixOS",
        "ref": "nixos-26.05",
        "repo": "nixpkgs",
        "type": "github"
      }
    },
    "root": {
      "inputs": {
        "autonumlock": "autonumlock",
        "home-manager": "home-manager",
        "nixpkgs": "nixpkgs",
        "take-note": "take-note"
      }
    },
    "take-note": {
      "inputs": {
        "nixpkgs": [
          "nixpkgs"
        ]
      },
      "locked": {
        "lastModified": 1787242593,
        "narHash": "sha256-crQqoDefQ5guFWHgCBsqpOOTcqAvynFN9B0OTbpZxio=",
        "owner": "wsinned",
        "repo": "take-note-rs",
        "rev": "2a583e28edf4178104b6cb46679a1d4cf1b36683",
        "type": "github"
      },
      "original": {
        "owner": "wsinned",
        "repo": "take-note-rs",
        "type": "github"
      }
    }
  },
  "root": "root",
  "version": 7
}
